
Microsoft Visual Studio Solution File, Format Version 12.00
# Visual Studio 15
VisualStudioVersion = 15.0.27130.2010
MinimumVisualStudioVersion = 10.0.40219.1
Project("{FAE04EC0-301F-11D3-BF4B-00C04F79EFBC}") = "AddressLibraryService", "AddressLibraryService\AddressLibraryService.csproj", "{CE790299-ADF6-412C-8398-4BD86656C064}"
EndProject
Project("{FAE04EC0-301F-11D3-BF4B-00C04F79EFBC}") = "AddressLibraryClient", "AddressLibraryClient\AddressLibraryClient.csproj", "{6C2BB9AE-255E-493C-B7AF-1C8961EE4BF5}"
	ProjectSection(ProjectDependencies) = postProject
		{CE790299-ADF6-412C-8398-4BD86656C064} = {CE790299-ADF6-412C-8398-4BD86656C064}
	EndProjectSection
EndProject
Global
	GlobalSection(SolutionConfigurationPlatforms) = preSolution
		Debug|Any CPU = Debug|Any CPU
		Release|Any CPU = Release|Any CPU
	EndGlobalSection
	GlobalSection(ProjectConfigurationPlatforms) = postSolution
		{CE790299-ADF6-412C-8398-4BD86656C064}.Debug|Any CPU.ActiveCfg = Debug|Any CPU
		{CE790299-ADF6-412C-8398-4BD86656C064}.Debug|Any CPU.Build.0 = Debug|Any CPU
		{CE790299-ADF6-412C-8398-4BD86656C064}.Release|Any CPU.ActiveCfg = Release|Any CPU
		{CE790299-ADF6-412C-8398-4BD86656C064}.Release|Any CPU.Build.0 = Release|Any CPU
		{6C2BB9AE-255E-493C-B7AF-1C8961EE4BF5}.Debug|Any CPU.ActiveCfg = Debug|Any CPU
		{6C2BB9AE-255E-493C-B7AF-1C8961EE4BF5}.Debug|Any CPU.Build.0 = Debug|Any CPU
		{6C2BB9AE-255E-493C-B7AF-1C8961EE4BF5}.Release|Any CPU.ActiveCfg = Release|Any CPU
		{6C2BB9AE-255E-493C-B7AF-1C8961EE4BF5}.Release|Any CPU.Build.0 = Release|Any CPU
	EndGlobalSection
	GlobalSection(SolutionProperties) = preSolution
		HideSolutionNode = FALSE
	EndGlobalSection
	GlobalSection(ExtensibilityGlobals) = postSolution
		SolutionGuid = {9637DA69-268D-42AF-B606-1BD40724FAA6}
	EndGlobalSection
EndGlobal
